
Microsoft Visual Studio Solution File, Format Version 12.00
# Visual Studio 2013
VisualStudioVersion = 12.0.21005.1
MinimumVisualStudioVersion = 10.0.40219.1
Project("{8BC9CEB8-8B4A-11D0-8D11-00A0C91BC942}") = "LearnOJ", "LearnOJ\LearnOJ.vcxproj", "{B249CD25-B721-4EDE-864C-41EE8B330D63}"
EndProject
Global
	GlobalSection(SolutionConfigurationPlatforms) = preSolution
		Debug|Win32 = Debug|Win32
		Release|Win32 = Release|Win32
	EndGlobalSection
	GlobalSection(ProjectConfigurationPlatforms) = postSolution
		{B249CD25-B721-4EDE-864C-41EE8B330D63}.Debug|Win32.ActiveCfg = Debug|Win32
		{B249CD25-B721-4EDE-864C-41EE8B330D63}.Debug|Win32.Build.0 = Debug|Win32
		{B249CD25-B721-4EDE-864C-41EE8B330D63}.Release|Win32.ActiveCfg = Release|Win32
		{B249CD25-B721-4EDE-864C-41EE8B330D63}.Release|Win32.Build.0 = Release|Win32
	EndGlobalSection
	GlobalSection(SolutionProperties) = preSolution
		HideSolutionNode = FALSE
	EndGlobalSection
EndGlobal
